
Microsoft Visual Studio Solution File, Format Version 12.00
# Visual Studio Version 17
VisualStudioVersion = 17.14.36327.8
MinimumVisualStudioVersion = 10.0.40219.1
Project("{FAE04EC0-301F-11D3-BF4B-00C04F79EFBC}") = "WebShop.BFF.API", "WebShop.BFF.API\WebShop.BFF.API.csproj", "{194000D9-8517-4D2D-9343-63BADCB6B5A9}"
EndProject
Project("{2150E333-8FDC-42A3-9474-1A3956D46DE8}") = "Microservices", "Microservices", "{02EA681E-C7D8-13C7-8484-4AC65E1B71E8}"
EndProject
Project("{FAE04EC0-301F-11D3-BF4B-00C04F79EFBC}") = "WebShop.Ordering.API", "WebShop.Ordering.API\WebShop.Ordering.API.csproj", "{6AF28F30-6F8B-4D17-BE77-63739DAB5754}"
EndProject
Project("{FAE04EC0-301F-11D3-BF4B-00C04F79EFBC}") = "WebShop.Identity.API", "WebShop.Identity.API\WebShop.Identity.API.csproj", "{96720A12-AAF8-4CFF-9B29-6225E32C224A}"
EndProject
Project("{FAE04EC0-301F-11D3-BF4B-00C04F79EFBC}") = "WebShop.Catalog.API", "WebShop.Catalog.API\WebShop.Catalog.API.csproj", "{BDF99FD7-9AA7-40D9-BADC-12FF985A7B9C}"
EndProject
Project("{FAE04EC0-301F-11D3-BF4B-00C04F79EFBC}") = "WebShop.Admin.API", "WebShop.Admin.API\WebShop.Admin.API.csproj", "{A08577AA-58FA-464D-BC04-979778AA0F45}"
EndProject
Project("{FAE04EC0-301F-11D3-BF4B-00C04F79EFBC}") = "WebShop.Payment.API", "WebShop.Payment.API\WebShop.Payment.API.csproj", "{788A18D3-3EDD-4B01-8585-5809C114594F}"
EndProject
Project("{FAE04EC0-301F-11D3-BF4B-00C04F79EFBC}") = "WebShop.UI", "WebShop.UI\WebShop.UI.csproj", "{7BC7D3C1-C893-4801-A1F1-BD3BC3787BB1}"
EndProject
Project("{FAE04EC0-301F-11D3-BF4B-00C04F79EFBC}") = "WebShop.Mobile.UI", "WebShop.Mobile.UI\WebShop.Mobile.UI.csproj", "{893B25E2-DD6A-46A2-8BF7-294AA0FFDA6B}"
EndProject
Global
	GlobalSection(SolutionConfigurationPlatforms) = preSolution
		Debug|Any CPU = Debug|Any CPU
		Release|Any CPU = Release|Any CPU
	EndGlobalSection
	GlobalSection(ProjectConfigurationPlatforms) = postSolution
		{194000D9-8517-4D2D-9343-63BADCB6B5A9}.Debug|Any CPU.ActiveCfg = Debug|Any CPU
		{194000D9-8517-4D2D-9343-63BADCB6B5A9}.Debug|Any CPU.Build.0 = Debug|Any CPU
		{194000D9-8517-4D2D-9343-63BADCB6B5A9}.Release|Any CPU.ActiveCfg = Release|Any CPU
		{194000D9-8517-4D2D-9343-63BADCB6B5A9}.Release|Any CPU.Build.0 = Release|Any CPU
		{6AF28F30-6F8B-4D17-BE77-63739DAB5754}.Debug|Any CPU.ActiveCfg = Debug|Any CPU
		{6AF28F30-6F8B-4D17-BE77-63739DAB5754}.Debug|Any CPU.Build.0 = Debug|Any CPU
		{6AF28F30-6F8B-4D17-BE77-63739DAB5754}.Release|Any CPU.ActiveCfg = Release|Any CPU
		{6AF28F30-6F8B-4D17-BE77-63739DAB5754}.Release|Any CPU.Build.0 = Release|Any CPU
		{96720A12-AAF8-4CFF-9B29-6225E32C224A}.Debug|Any CPU.ActiveCfg = Debug|Any CPU
		{96720A12-AAF8-4CFF-9B29-6225E32C224A}.Debug|Any CPU.Build.0 = Debug|Any CPU
		{96720A12-AAF8-4CFF-9B29-6225E32C224A}.Release|Any CPU.ActiveCfg = Release|Any CPU
		{96720A12-AAF8-4CFF-9B29-6225E32C224A}.Release|Any CPU.Build.0 = Release|Any CPU
		{BDF99FD7-9AA7-40D9-BADC-12FF985A7B9C}.Debug|Any CPU.ActiveCfg = Debug|Any CPU
		{BDF99FD7-9AA7-40D9-BADC-12FF985A7B9C}.Debug|Any CPU.Build.0 = Debug|Any CPU
		{BDF99FD7-9AA7-40D9-BADC-12FF985A7B9C}.Release|Any CPU.ActiveCfg = Release|Any CPU
		{BDF99FD7-9AA7-40D9-BADC-12FF985A7B9C}.Release|Any CPU.Build.0 = Release|Any CPU
		{A08577AA-58FA-464D-BC04-979778AA0F45}.Debug|Any CPU.ActiveCfg = Debug|Any CPU
		{A08577AA-58FA-464D-BC04-979778AA0F45}.Debug|Any CPU.Build.0 = Debug|Any CPU
		{A08577AA-58FA-464D-BC04-979778AA0F45}.Release|Any CPU.ActiveCfg = Release|Any CPU
		{A08577AA-58FA-464D-BC04-979778AA0F45}.Release|Any CPU.Build.0 = Release|Any CPU
		{788A18D3-3EDD-4B01-8585-5809C114594F}.Debug|Any CPU.ActiveCfg = Debug|Any CPU
		{788A18D3-3EDD-4B01-8585-5809C114594F}.Debug|Any CPU.Build.0 = Debug|Any CPU
		{788A18D3-3EDD-4B01-8585-5809C114594F}.Release|Any CPU.ActiveCfg = Release|Any CPU
		{788A18D3-3EDD-4B01-8585-5809C114594F}.Release|Any CPU.Build.0 = Release|Any CPU
		{7BC7D3C1-C893-4801-A1F1-BD3BC3787BB1}.Debug|Any CPU.ActiveCfg = Debug|Any CPU
		{7BC7D3C1-C893-4801-A1F1-BD3BC3787BB1}.Debug|Any CPU.Build.0 = Debug|Any CPU
		{7BC7D3C1-C893-4801-A1F1-BD3BC3787BB1}.Release|Any CPU.ActiveCfg = Release|Any CPU
		{7BC7D3C1-C893-4801-A1F1-BD3BC3787BB1}.Release|Any CPU.Build.0 = Release|Any CPU
		{893B25E2-DD6A-46A2-8BF7-294AA0FFDA6B}.Debug|Any CPU.ActiveCfg = Debug|Any CPU
		{893B25E2-DD6A-46A2-8BF7-294AA0FFDA6B}.Debug|Any CPU.Build.0 = Debug|Any CPU
		{893B25E2-DD6A-46A2-8BF7-294AA0FFDA6B}.Debug|Any CPU.Deploy.0 = Debug|Any CPU
		{893B25E2-DD6A-46A2-8BF7-294AA0FFDA6B}.Release|Any CPU.ActiveCfg = Release|Any CPU
		{893B25E2-DD6A-46A2-8BF7-294AA0FFDA6B}.Release|Any CPU.Build.0 = Release|Any CPU
		{893B25E2-DD6A-46A2-8BF7-294AA0FFDA6B}.Release|Any CPU.Deploy.0 = Release|Any CPU
	EndGlobalSection
	GlobalSection(SolutionProperties) = preSolution
		HideSolutionNode = FALSE
	EndGlobalSection
	GlobalSection(NestedProjects) = preSolution
		{6AF28F30-6F8B-4D17-BE77-63739DAB5754} = {02EA681E-C7D8-13C7-8484-4AC65E1B71E8}
		{96720A12-AAF8-4CFF-9B29-6225E32C224A} = {02EA681E-C7D8-13C7-8484-4AC65E1B71E8}
		{BDF99FD7-9AA7-40D9-BADC-12FF985A7B9C} = {02EA681E-C7D8-13C7-8484-4AC65E1B71E8}
		{A08577AA-58FA-464D-BC04-979778AA0F45} = {02EA681E-C7D8-13C7-8484-4AC65E1B71E8}
		{788A18D3-3EDD-4B01-8585-5809C114594F} = {02EA681E-C7D8-13C7-8484-4AC65E1B71E8}
	EndGlobalSection
	GlobalSection(ExtensibilityGlobals) = postSolution
		SolutionGuid = {D75E3F75-F9C4-404B-AD75-A66725213D92}
	EndGlobalSection
EndGlobal
