
Microsoft Visual Studio Solution File, Format Version 12.00
# Visual Studio Version 17
VisualStudioVersion = 17.14.36327.8 d17.14
MinimumVisualStudioVersion = 10.0.40219.1
Project("{FAE04EC0-301F-11D3-BF4B-00C04F79EFBC}") = "WebShop.BFF.API", "WebShop.BFF.API\WebShop.BFF.API.csproj", "{194000D9-8517-4D2D-9343-63BADCB6B5A9}"
EndProject
Global
	GlobalSection(SolutionConfigurationPlatforms) = preSolution
		Debug|Any CPU = Debug|Any CPU
		Release|Any CPU = Release|Any CPU
	EndGlobalSection
	GlobalSection(ProjectConfigurationPlatforms) = postSolution
		{194000D9-8517-4D2D-9343-63BADCB6B5A9}.Debug|Any CPU.ActiveCfg = Debug|Any CPU
		{194000D9-8517-4D2D-9343-63BADCB6B5A9}.Debug|Any CPU.Build.0 = Debug|Any CPU
		{194000D9-8517-4D2D-9343-63BADCB6B5A9}.Release|Any CPU.ActiveCfg = Release|Any CPU
		{194000D9-8517-4D2D-9343-63BADCB6B5A9}.Release|Any CPU.Build.0 = Release|Any CPU
	EndGlobalSection
	GlobalSection(SolutionProperties) = preSolution
		HideSolutionNode = FALSE
	EndGlobalSection
	GlobalSection(ExtensibilityGlobals) = postSolution
		SolutionGuid = {D75E3F75-F9C4-404B-AD75-A66725213D92}
	EndGlobalSection
EndGlobal
